
Microsoft Visual Studio Solution File, Format Version 12.00
# Visual Studio Version 16
VisualStudioVersion = 16.0.30021.99
MinimumVisualStudioVersion = 10.0.40219.1
Project("{FAE04EC0-301F-11D3-BF4B-00C04F79EFBC}") = "Checkpoint3", "Checkpoint3.csproj", "{C34A065C-AC22-40AF-A6B1-8EEA286E208D}"
EndProject
Global
	GlobalSection(SolutionConfigurationPlatforms) = preSolution
		Debug|Any CPU = Debug|Any CPU
		Release|Any CPU = Release|Any CPU
	EndGlobalSection
	GlobalSection(ProjectConfigurationPlatforms) = postSolution
		{C34A065C-AC22-40AF-A6B1-8EEA286E208D}.Debug|Any CPU.ActiveCfg = Debug|Any CPU
		{C34A065C-AC22-40AF-A6B1-8EEA286E208D}.Debug|Any CPU.Build.0 = Debug|Any CPU
		{C34A065C-AC22-40AF-A6B1-8EEA286E208D}.Release|Any CPU.ActiveCfg = Release|Any CPU
		{C34A065C-AC22-40AF-A6B1-8EEA286E208D}.Release|Any CPU.Build.0 = Release|Any CPU
	EndGlobalSection
	GlobalSection(SolutionProperties) = preSolution
		HideSolutionNode = FALSE
	EndGlobalSection
	GlobalSection(ExtensibilityGlobals) = postSolution
		SolutionGuid = {E005EF89-72E8-4E15-AC7F-6567AB6EC5F4}
	EndGlobalSection
EndGlobal
